# Code generated by scarb DO NOT EDIT.
version = 1

[[package]]
name = "dojo"
version = "1.7.0"
source = "registry+https://scarbs.xyz/"
checksum = "sha256:43866af1b23659c992fcf786f7f69429689eb684d42ffb77a351490e763bf915"
dependencies = [
 "dojo_cairo_macros",
]

[[package]]
name = "dojo_cairo_macros"
version = "1.7.0"
source = "registry+https://scarbs.xyz/"
checksum = "sha256:53d38987d9a0acc9493282711cd504ad4920fd4cd31f230deb5ff4ea11183958"

[[package]]
name = "dojo_cairo_test"
version = "1.7.0"
source = "registry+https://scarbs.xyz/"
checksum = "sha256:3e95042deeef76bd43c8c05b15f8757060663269aed7e31f9c6c4a3934a5cba4"
dependencies = [
 "dojo",
]

[[package]]
name = "jokers_of_neon_lib"
version = "0.19.0"
source = "git+https://github.com/caravana-studio/jokers-of-neon-lib?branch=bump-dojo-1.7.0#6be5d5f86017394047eaf12ffe3a3113c82413c7"
dependencies = [
 "dojo",
 "dojo_cairo_macros",
]

[[package]]
name = "jokers_of_neon_profile"
version = "1.5.0"
dependencies = [
 "dojo",
 "dojo_cairo_macros",
 "dojo_cairo_test",
 "jokers_of_neon_lib",
 "openzeppelin",
]

[[package]]
name = "openzeppelin"
version = "1.0.0"
source = "git+https://github.com/OpenZeppelin/cairo-contracts.git?tag=v1.0.0#755ce1adbf8d89ed23fbb8daa328fcbeab7c6424"
dependencies = [
 "openzeppelin_access",
 "openzeppelin_account",
 "openzeppelin_finance",
 "openzeppelin_governance",
 "openzeppelin_introspection",
 "openzeppelin_merkle_tree",
 "openzeppelin_presets",
 "openzeppelin_security",
 "openzeppelin_token",
 "openzeppelin_upgrades",
 "openzeppelin_utils",
]

[[package]]
name = "openzeppelin_access"
version = "1.0.0"
source = "git+https://github.com/OpenZeppelin/cairo-contracts.git?tag=v1.0.0#755ce1adbf8d89ed23fbb8daa328fcbeab7c6424"
dependencies = [
 "openzeppelin_introspection",
 "openzeppelin_utils",
]

[[package]]
name = "openzeppelin_account"
version = "1.0.0"
source = "git+https://github.com/OpenZeppelin/cairo-contracts.git?tag=v1.0.0#755ce1adbf8d89ed23fbb8daa328fcbeab7c6424"
dependencies = [
 "openzeppelin_introspection",
 "openzeppelin_utils",
]

[[package]]
name = "openzeppelin_finance"
version = "1.0.0"
source = "git+https://github.com/OpenZeppelin/cairo-contracts.git?tag=v1.0.0#755ce1adbf8d89ed23fbb8daa328fcbeab7c6424"
dependencies = [
 "openzeppelin_access",
 "openzeppelin_token",
]

[[package]]
name = "openzeppelin_governance"
version = "1.0.0"
source = "git+https://github.com/OpenZeppelin/cairo-contracts.git?tag=v1.0.0#755ce1adbf8d89ed23fbb8daa328fcbeab7c6424"
dependencies = [
 "openzeppelin_access",
 "openzeppelin_account",
 "openzeppelin_introspection",
 "openzeppelin_token",
 "openzeppelin_utils",
]

[[package]]
name = "openzeppelin_introspection"
version = "1.0.0"
source = "git+https://github.com/OpenZeppelin/cairo-contracts.git?tag=v1.0.0#755ce1adbf8d89ed23fbb8daa328fcbeab7c6424"

[[package]]
name = "openzeppelin_merkle_tree"
version = "1.0.0"
source = "git+https://github.com/OpenZeppelin/cairo-contracts.git?tag=v1.0.0#755ce1adbf8d89ed23fbb8daa328fcbeab7c6424"

[[package]]
name = "openzeppelin_presets"
version = "1.0.0"
source = "git+https://github.com/OpenZeppelin/cairo-contracts.git?tag=v1.0.0#755ce1adbf8d89ed23fbb8daa328fcbeab7c6424"
dependencies = [
 "openzeppelin_access",
 "openzeppelin_account",
 "openzeppelin_finance",
 "openzeppelin_introspection",
 "openzeppelin_token",
 "openzeppelin_upgrades",
 "openzeppelin_utils",
]

[[package]]
name = "openzeppelin_security"
version = "1.0.0"
source = "git+https://github.com/OpenZeppelin/cairo-contracts.git?tag=v1.0.0#755ce1adbf8d89ed23fbb8daa328fcbeab7c6424"

[[package]]
name = "openzeppelin_token"
version = "1.0.0"
source = "git+https://github.com/OpenZeppelin/cairo-contracts.git?tag=v1.0.0#755ce1adbf8d89ed23fbb8daa328fcbeab7c6424"
dependencies = [
 "openzeppelin_access",
 "openzeppelin_account",
 "openzeppelin_introspection",
 "openzeppelin_utils",
]

[[package]]
name = "openzeppelin_upgrades"
version = "1.0.0"
source = "git+https://github.com/OpenZeppelin/cairo-contracts.git?tag=v1.0.0#755ce1adbf8d89ed23fbb8daa328fcbeab7c6424"

[[package]]
name = "openzeppelin_utils"
version = "1.0.0"
source = "git+https://github.com/OpenZeppelin/cairo-contracts.git?tag=v1.0.0#755ce1adbf8d89ed23fbb8daa328fcbeab7c6424"
